
Microsoft Visual Studio Solution File, Format Version 12.00
# Visual Studio 15
VisualStudioVersion = 15.0.28307.106
MinimumVisualStudioVersion = 10.0.40219.1
Project("{FAE04EC0-301F-11D3-BF4B-00C04F79EFBC}") = "LaserGame", "LaserGame\LaserGame.csproj", "{6472E910-4A82-4E7A-B0A7-ED75CF543CB4}"
EndProject
Project("{9A19103F-16F7-4668-BE54-9A1E7A4F7556}") = "Domain", "Domain\Domain.csproj", "{2DF1F3D1-782E-4E6D-BEDD-DB6F88DB3BB6}"
EndProject
Project("{FAE04EC0-301F-11D3-BF4B-00C04F79EFBC}") = "UnitTestProject", "UnitTestProject\UnitTestProject.csproj", "{E9E43530-4E47-4491-9642-547F54D7A41F}"
EndProject
Project("{9A19103F-16F7-4668-BE54-9A1E7A4F7556}") = "FileStream", "FileStream\FileStream.csproj", "{2E31AE9F-29B5-4BBA-9ED6-3501BD3A3B7A}"
EndProject
Project("{FAE04EC0-301F-11D3-BF4B-00C04F79EFBC}") = "StringFormatter", "StringFormatter\StringFormatter.csproj", "{F4FF7013-82D1-487F-A9FC-911A21CEB7BF}"
EndProject
Global
	GlobalSection(SolutionConfigurationPlatforms) = preSolution
		Debug|Any CPU = Debug|Any CPU
		Release|Any CPU = Release|Any CPU
	EndGlobalSection
	GlobalSection(ProjectConfigurationPlatforms) = postSolution
		{6472E910-4A82-4E7A-B0A7-ED75CF543CB4}.Debug|Any CPU.ActiveCfg = Debug|Any CPU
		{6472E910-4A82-4E7A-B0A7-ED75CF543CB4}.Debug|Any CPU.Build.0 = Debug|Any CPU
		{6472E910-4A82-4E7A-B0A7-ED75CF543CB4}.Release|Any CPU.ActiveCfg = Release|Any CPU
		{6472E910-4A82-4E7A-B0A7-ED75CF543CB4}.Release|Any CPU.Build.0 = Release|Any CPU
		{2DF1F3D1-782E-4E6D-BEDD-DB6F88DB3BB6}.Debug|Any CPU.ActiveCfg = Debug|Any CPU
		{2DF1F3D1-782E-4E6D-BEDD-DB6F88DB3BB6}.Debug|Any CPU.Build.0 = Debug|Any CPU
		{2DF1F3D1-782E-4E6D-BEDD-DB6F88DB3BB6}.Release|Any CPU.ActiveCfg = Release|Any CPU
		{2DF1F3D1-782E-4E6D-BEDD-DB6F88DB3BB6}.Release|Any CPU.Build.0 = Release|Any CPU
		{E9E43530-4E47-4491-9642-547F54D7A41F}.Debug|Any CPU.ActiveCfg = Debug|Any CPU
		{E9E43530-4E47-4491-9642-547F54D7A41F}.Debug|Any CPU.Build.0 = Debug|Any CPU
		{E9E43530-4E47-4491-9642-547F54D7A41F}.Release|Any CPU.ActiveCfg = Release|Any CPU
		{E9E43530-4E47-4491-9642-547F54D7A41F}.Release|Any CPU.Build.0 = Release|Any CPU
		{2E31AE9F-29B5-4BBA-9ED6-3501BD3A3B7A}.Debug|Any CPU.ActiveCfg = Debug|Any CPU
		{2E31AE9F-29B5-4BBA-9ED6-3501BD3A3B7A}.Debug|Any CPU.Build.0 = Debug|Any CPU
		{2E31AE9F-29B5-4BBA-9ED6-3501BD3A3B7A}.Release|Any CPU.ActiveCfg = Release|Any CPU
		{2E31AE9F-29B5-4BBA-9ED6-3501BD3A3B7A}.Release|Any CPU.Build.0 = Release|Any CPU
		{F4FF7013-82D1-487F-A9FC-911A21CEB7BF}.Debug|Any CPU.ActiveCfg = Debug|Any CPU
		{F4FF7013-82D1-487F-A9FC-911A21CEB7BF}.Debug|Any CPU.Build.0 = Debug|Any CPU
		{F4FF7013-82D1-487F-A9FC-911A21CEB7BF}.Release|Any CPU.ActiveCfg = Release|Any CPU
		{F4FF7013-82D1-487F-A9FC-911A21CEB7BF}.Release|Any CPU.Build.0 = Release|Any CPU
	EndGlobalSection
	GlobalSection(SolutionProperties) = preSolution
		HideSolutionNode = FALSE
	EndGlobalSection
	GlobalSection(ExtensibilityGlobals) = postSolution
		SolutionGuid = {C7185799-D163-4321-8423-6D35CA3A9D80}
	EndGlobalSection
EndGlobal
